
Microsoft Visual Studio Solution File, Format Version 12.00
# Visual Studio Version 17
VisualStudioVersion = 17.14.36109.1 d17.14
MinimumVisualStudioVersion = 10.0.40219.1
Project("{FAE04EC0-301F-11D3-BF4B-00C04F79EFBC}") = "pratica2 ejercicio 6", "pratica2 ejercicio 6\pratica2 ejercicio 6.csproj", "{38718B88-1486-4CAE-A289-26DFC7EE11F2}"
EndProject
Global
	GlobalSection(SolutionConfigurationPlatforms) = preSolution
		Debug|Any CPU = Debug|Any CPU
		Release|Any CPU = Release|Any CPU
	EndGlobalSection
	GlobalSection(ProjectConfigurationPlatforms) = postSolution
		{38718B88-1486-4CAE-A289-26DFC7EE11F2}.Debug|Any CPU.ActiveCfg = Debug|Any CPU
		{38718B88-1486-4CAE-A289-26DFC7EE11F2}.Debug|Any CPU.Build.0 = Debug|Any CPU
		{38718B88-1486-4CAE-A289-26DFC7EE11F2}.Release|Any CPU.ActiveCfg = Release|Any CPU
		{38718B88-1486-4CAE-A289-26DFC7EE11F2}.Release|Any CPU.Build.0 = Release|Any CPU
	EndGlobalSection
	GlobalSection(SolutionProperties) = preSolution
		HideSolutionNode = FALSE
	EndGlobalSection
	GlobalSection(ExtensibilityGlobals) = postSolution
		SolutionGuid = {F616CFFB-B73D-4BC8-B6F5-FD2396902F5C}
	EndGlobalSection
EndGlobal
