
Microsoft Visual Studio Solution File, Format Version 12.00
# Visual Studio Version 17
VisualStudioVersion = 17.14.36109.1 d17.14
MinimumVisualStudioVersion = 10.0.40219.1
Project("{FAE04EC0-301F-11D3-BF4B-00C04F79EFBC}") = "pratica2 ejercicio1", "pratica2 ejercicio1\pratica2 ejercicio1.csproj", "{ABF936A6-4388-4BFA-BCFD-9B3ED53AF956}"
EndProject
Global
	GlobalSection(SolutionConfigurationPlatforms) = preSolution
		Debug|Any CPU = Debug|Any CPU
		Release|Any CPU = Release|Any CPU
	EndGlobalSection
	GlobalSection(ProjectConfigurationPlatforms) = postSolution
		{ABF936A6-4388-4BFA-BCFD-9B3ED53AF956}.Debug|Any CPU.ActiveCfg = Debug|Any CPU
		{ABF936A6-4388-4BFA-BCFD-9B3ED53AF956}.Debug|Any CPU.Build.0 = Debug|Any CPU
		{ABF936A6-4388-4BFA-BCFD-9B3ED53AF956}.Release|Any CPU.ActiveCfg = Release|Any CPU
		{ABF936A6-4388-4BFA-BCFD-9B3ED53AF956}.Release|Any CPU.Build.0 = Release|Any CPU
	EndGlobalSection
	GlobalSection(SolutionProperties) = preSolution
		HideSolutionNode = FALSE
	EndGlobalSection
	GlobalSection(ExtensibilityGlobals) = postSolution
		SolutionGuid = {803B2420-AD15-499C-8734-FDF9DB54E974}
	EndGlobalSection
EndGlobal
