
Microsoft Visual Studio Solution File, Format Version 12.00
# Visual Studio Version 17
VisualStudioVersion = 17.14.36109.1 d17.14
MinimumVisualStudioVersion = 10.0.40219.1
Project("{FAE04EC0-301F-11D3-BF4B-00C04F79EFBC}") = "pratica2  ejercicio 5", "pratica2  ejercicio 5\pratica2  ejercicio 5.csproj", "{FAC13767-5FBB-4057-9D32-85DBDBC478CC}"
EndProject
Global
	GlobalSection(SolutionConfigurationPlatforms) = preSolution
		Debug|Any CPU = Debug|Any CPU
		Release|Any CPU = Release|Any CPU
	EndGlobalSection
	GlobalSection(ProjectConfigurationPlatforms) = postSolution
		{FAC13767-5FBB-4057-9D32-85DBDBC478CC}.Debug|Any CPU.ActiveCfg = Debug|Any CPU
		{FAC13767-5FBB-4057-9D32-85DBDBC478CC}.Debug|Any CPU.Build.0 = Debug|Any CPU
		{FAC13767-5FBB-4057-9D32-85DBDBC478CC}.Release|Any CPU.ActiveCfg = Release|Any CPU
		{FAC13767-5FBB-4057-9D32-85DBDBC478CC}.Release|Any CPU.Build.0 = Release|Any CPU
	EndGlobalSection
	GlobalSection(SolutionProperties) = preSolution
		HideSolutionNode = FALSE
	EndGlobalSection
	GlobalSection(ExtensibilityGlobals) = postSolution
		SolutionGuid = {1471AAEE-8C1D-4525-BA9D-6F7155F728D8}
	EndGlobalSection
EndGlobal
